@EXPLICIT
https://conda.anaconda.org/conda-forge/linux-64/_openmp_mutex-4.5-7_kmp_llvm.conda#c0cddb66070dd6355311f7667ce2acccf70d1013edaa6e97f22859502fefdb22
https://conda.anaconda.org/conda-forge/noarch/attrs-26.1.0-pyhcf101f3_0.conda#1b6124230bb4e571b1b9401537ecff575b7b109cc3a21ee019f65e083b8399ab
https://conda.anaconda.org/conda-forge/linux-64/bzip2-1.0.8-hda65f42_9.conda#0b75d45f0bba3e95dc693336fa51f40ea28c980131fec438afb7ce6118ed05f6
https://conda.anaconda.org/conda-forge/noarch/ca-certificates-2026.6.17-hbd8a1cb_0.conda#f8e3c730fa14ee3f170493779f06522c4acf89169f43db4f039727709b6419cf
https://conda.anaconda.org/conda-forge/noarch/colorama-0.4.6-pyhd8ed1ab_1.conda#ab29d57dc70786c1269633ba3dff20288b81664d3ff8d21af995742e2bb03287
https://conda.anaconda.org/conda-forge/noarch/cpython-3.11.15-py311hd8ed1ab_1.conda#cfe29a7e71ab4553b9715ee4b6788824853ade58b8661ff3363acb3e762046a5
https://conda.anaconda.org/conda-forge/noarch/exceptiongroup-1.3.1-pyhd8ed1ab_0.conda#ee6cf346d017d954255bbcbdb424cddea4d14e4ed7e9813e429db1d795d01144
https://conda.anaconda.org/conda-forge/noarch/filelock-3.31.0-pyhd8ed1ab_0.conda#882861f8d16ba7db2d7fed667f3dc08ed348f56da249cc00debdd2558f791f18
https://conda.anaconda.org/conda-forge/noarch/fsspec-2026.6.0-pyhd8ed1ab_0.conda#fe0156e6d658be3531aad2a99e42e8ad1ee23c69837d469c44c1b6010373913d
https://conda.anaconda.org/conda-forge/linux-64/gmp-6.3.0-hac33072_2.conda#309cf4f04fec0c31b6771a5809a1909b4b3154a2208f52351e1ada006f4c750c
https://conda.anaconda.org/conda-forge/linux-64/gmpy2-2.3.0-py311h92a432a_1.conda#6e44e97d28019f6e51df28a674bff30868b73e34b3abf0c463801410534092cc
https://conda.anaconda.org/conda-forge/noarch/importlib_resources-7.1.0-pyhd8ed1ab_0.conda#a563a51aa522998172838e867e6dedcf630bc45796e8612f5a1f6d73e9c8125a
https://conda.anaconda.org/conda-forge/noarch/iniconfig-2.3.0-pyhd8ed1ab_0.conda#e1a9e3b1c8fe62dc3932a616c284b5d8cbe3124bbfbedcf4ce5c828cb166ee19
https://conda.anaconda.org/conda-forge/noarch/jinja2-3.1.6-pyhcf101f3_1.conda#fc9ca7348a4f25fed2079f2153ecdcf5f9cf2a0bc36c4172420ca09e1849df7b
https://conda.anaconda.org/conda-forge/noarch/jsonschema-4.23.0-pyhd8ed1ab_1.conda#be992a99e589146f229c58fe5083e0b60551d774511c494f91fe011931bd7893
https://conda.anaconda.org/conda-forge/noarch/jsonschema-specifications-2025.9.1-pyhcf101f3_0.conda#0a4f3b132f0faca10c89fdf3b60e15abb62ded6fa80aebfc007d05965192aa04
https://conda.anaconda.org/conda-forge/linux-64/ld_impl_linux-64-2.46.1-default_hbd61a6d_102.conda#27d83f1188cd19bcb7754a078b3fa7f4cfb8527f8eb2fde54dd01fc529d1adec
https://conda.anaconda.org/conda-forge/linux-64/libabseil-20250127.1-cxx17_hbbce691_0.conda#65d5ca837c3ee67b9d769125c21dc857194d7f6181bb0e7bd98ae58597b457d0
https://conda.anaconda.org/conda-forge/linux-64/libblas-3.11.0-8_h4a7cf45_openblas.conda#b2da6bfd72a1c9cb143ccf64bf5b28790cb4eb58bd1cb978f6537b2322f7d48b
https://conda.anaconda.org/conda-forge/linux-64/libcblas-3.11.0-8_h0358290_openblas.conda#1a2bc77bb26520255904a3d9b1f40e6bf0bf9d8d3405c7709dd162282820915a
https://conda.anaconda.org/conda-forge/linux-64/libexpat-2.8.1-hecca717_1.conda#16feffd9ddbbe5b718515d38ee376c685ba95491cd901244e24671d20b952a77
https://conda.anaconda.org/conda-forge/linux-64/libffi-3.7.0-h3435931_0.conda#ac38603008bf1e99b8ed379b1a656a67a70e2841f2b6a069c630cdf6316012d2
https://conda.anaconda.org/conda-forge/linux-64/libgcc-15.2.0-he0feb66_19.conda#8e0a3b5e41272e5678499b5dfc4cddb673f9e935de01eb0767ce857001229f46
https://conda.anaconda.org/conda-forge/linux-64/libgcc-ng-15.2.0-h69a702a_19.conda#9dcf54adfaa5e861123c2da4f2f0451a685464ea7e5a41ad91cf67b31d658d98
https://conda.anaconda.org/conda-forge/linux-64/libgfortran-15.2.0-h69a702a_19.conda#561a42758ef25b9ce308c4e2cf56daee4f06138385a17e29a492cd928e00be6f
https://conda.anaconda.org/conda-forge/linux-64/libgfortran5-15.2.0-h68bc16d_19.conda#057978bb69fea29ed715a9b98adf71015c31baecc4aeb2bfc20d4fd5d83579d4
https://conda.anaconda.org/conda-forge/linux-64/liblapack-3.11.0-8_h47877c9_openblas.conda#168e327d737059553e15cc6ec36d76b9bbb3931c2a7721555fd68b4c9348b247
https://conda.anaconda.org/conda-forge/linux-64/liblzma-5.8.3-hb03c661_0.conda#ec30e52a3c1bf7d0425380a189d209a52baa03f22fb66dd3eb587acaa765bd6d
https://conda.anaconda.org/conda-forge/linux-64/libnsl-2.0.1-hb9d3cd8_1.conda#927fe72b054277cde6cb82597d0fcf6baf127dcbce2e0a9d8925a68f1265eef5
https://conda.anaconda.org/conda-forge/linux-64/libopenblas-0.3.33-pthreads_h94d23a6_0.conda#3d9aa85648e5e18a6d66db98b8c4317cc426721ad7a220aa86330d1ccedc8903
https://conda.anaconda.org/conda-forge/linux-64/libprotobuf-5.29.3-h7460b1f_3.conda#14450a1cd316fe639dd0a5e040f6f31c374537141b7b931bf8afbfd5a04d9843
https://conda.anaconda.org/conda-forge/linux-64/libsqlite-3.53.3-h0c1763c_0.conda#365376f4815e5e80def2b3462a2419708b7c292da0da85278386c2618621fff4
https://conda.anaconda.org/conda-forge/linux-64/libstdcxx-15.2.0-h934c35e_19.conda#dff1058c76ec6b8759e41cefa2508162d00e4a5e6721aa68ec3fd10094e702dc
https://conda.anaconda.org/conda-forge/linux-64/libstdcxx-ng-15.2.0-hdf11a46_19.conda#0672b6b6e1791c92e8eccad58081a99d614fcf82bca5841f9dfa3c3e658f83b9
https://conda.anaconda.org/conda-forge/linux-64/libtorch-2.5.1-cpu_generic_h60a9f50_17.conda#1cebed4a885ffc00a49e3140b9a50708ee2d38eae85b3f74a882bc11ff01e4b2
https://conda.anaconda.org/conda-forge/linux-64/libuuid-2.42.2-h5347b49_0.conda#9b1bdce27a7e31f7d241aeecff67a1f3101d52a2b1e33ccc2cdf2613072bf81f
https://conda.anaconda.org/conda-forge/linux-64/libuv-1.52.1-h280c20c_0.conda#e28e4519223f78b3163599ca89c3f2d80bfb53e907e7fc74e806e60d1efa578b
https://conda.anaconda.org/conda-forge/linux-64/libxcrypt-4.4.36-hd590300_1.conda#6ae68e0b86423ef188196fff6207ed0c8195dd84273cb5623b85aa08033a410c
https://conda.anaconda.org/conda-forge/linux-64/libzlib-1.3.2-h25fd6f3_2.conda#55044c403570f0dc26e6364de4dc5368e5f3fc7ff103e867c487e2b5ab2bcda9
https://conda.anaconda.org/conda-forge/linux-64/llvm-openmp-22.1.8-h4922eb0_0.conda#a37aba21b85800af1e7c5b04ba76abab96b6e591eedf99dc6e4df83b0fefd7a5
https://conda.anaconda.org/conda-forge/linux-64/markupsafe-3.0.3-py311h3778330_1.conda#710e207b2e91308a34bcfe547c60ad86c1fa294827266ba18548c1fe1a9d8333
https://conda.anaconda.org/conda-forge/linux-64/mpc-1.4.0-he0a73b1_0.conda#c1fdeebc9f8e4f51df265efca4ea20c7a13911193cc255db73cccb6e422ae486
https://conda.anaconda.org/conda-forge/linux-64/mpfr-4.2.2-he0a73b1_0.conda#8690f550a780f75d9c47f7ffc15f5ff1c149d36ac17208e50eda101ca16611b9
https://conda.anaconda.org/conda-forge/noarch/mpmath-1.4.1-pyhd8ed1ab_0.conda#5bbf2f8179ec43d34d67ca8e4989d216c1bdb4b749fe6cb40e86ebf88c1b5300
https://conda.anaconda.org/conda-forge/linux-64/ncurses-6.6-hdb14827_0.conda#fc89f74bbe362fb29fa3c037697a89bec140b346a2469a90f7936d1d7ea4d8a3
https://conda.anaconda.org/conda-forge/noarch/networkx-3.6.1-pyhcf101f3_0.conda#f6a82172afc50e54741f6f84527ef10424326611503c64e359e25a19a8e4c1c6
https://conda.anaconda.org/conda-forge/noarch/nomkl-1.0-h5ca1d4c_0.tar.bz2#d38542a151a90417065c1a234866f97fd1ea82a81de75ecb725955ab78f88b4b
https://conda.anaconda.org/conda-forge/linux-64/numpy-2.1.3-py311h71ddf71_0.conda#d2fdae6b0e80c23248f0f6bf7b5e3b6e0f56f69f420e9f5da5a6aae2c95b1493
https://conda.anaconda.org/conda-forge/linux-64/openssl-3.6.3-h35e630c_0.conda#d48f5c22b9897c01e4dff3680f1f57ceb02711ab9c62f74339b080419dfad34b
https://conda.anaconda.org/conda-forge/noarch/packaging-26.2-pyhc364b38_0.conda#3906abfb6511a3bb309e39b9b1b7bc38f50a723971de2395489fd1f379255890
https://conda.anaconda.org/conda-forge/noarch/pip-26.1.2-pyh8b19718_0.conda#29b7d75bf81ad11645a8e320b369abdc90a92b93f2a9178e853d9dddf82e5106
https://conda.anaconda.org/conda-forge/noarch/pkgutil-resolve-name-1.3.10-pyhd8ed1ab_2.conda#adb2dde5b4f7da70ae81309cce6188ed3286ff280355cf1931b45d91164d2ad8
https://conda.anaconda.org/conda-forge/noarch/pluggy-1.6.0-pyhf9edf01_1.conda#e14aafa63efa0528ca99ba568eaf506eb55a0371d12e6250aaaa61718d2eb62e
https://conda.anaconda.org/conda-forge/noarch/pybind11-3.0.3-pyhfe8187e_0.conda#71a9524f44d6ac6304feae71e2bbe8d8ce0816f0be7a0271c15681ad1040965d
https://conda.anaconda.org/conda-forge/noarch/pybind11-global-3.0.3-pyh648e204_0.conda#97a0fbd2a81d95e90d714e5c628fe860b29a3caad53abcfb90add1965ad85bef
https://conda.anaconda.org/conda-forge/noarch/pytest-8.3.5-pyhd8ed1ab_0.conda#963524de7340c56615583ba7b97a6beb20d5c56a59defb59724dc2a3105169c9
https://conda.anaconda.org/conda-forge/linux-64/python-3.11.11-h9e4cc4f_2_cpython.conda#e0be7ad95a034d10e021f15317bf5c70fc1161564fa47844984c245505cde36c
https://conda.anaconda.org/conda-forge/noarch/python_abi-3.11-8_cp311.conda#fddf123692aa4b1fc48f0471e346400d9852d96eeed77dbfdd746fa50a8ff894
https://conda.anaconda.org/conda-forge/linux-64/pytorch-2.5.1-cpu_generic_py311_h41d1b62_17.conda#f99e25e678f01c636a342bcd3180ec6bc14b10e48453da1dfbd094fb4ba74fd0
https://conda.anaconda.org/conda-forge/linux-64/readline-8.3-h853b02a_0.conda#12ffde5a6f958e285aa22c191ca01bbd3d6e710aa852e00618fa6ddc59149002
https://conda.anaconda.org/conda-forge/noarch/referencing-0.37.0-pyhcf101f3_0.conda#0577eedfb347ff94d0f2fa6c052c502989b028216996b45c7f21236f25864414
https://conda.anaconda.org/conda-forge/linux-64/rpds-py-2026.6.3-py311h1baac5b_0.conda#ec844a6df82774ff6790e60ddf6137cac54ee5d41fe2226f0da2bad0ab84e1ae
https://conda.anaconda.org/conda-forge/noarch/setuptools-75.8.2-pyhff2d567_0.conda#91d664ace7c22e787775069418daa9f232ee8bafdd0a6a080a5ed2395a6fa6b2
https://conda.anaconda.org/conda-forge/linux-64/sleef-3.9.0-ha0421bc_0.conda#57afc2ab5bdb24cf979964018dddbc5dfaee130b415e6863765e45aed2175ee4
https://conda.anaconda.org/conda-forge/noarch/sympy-1.14.0-pyh2585a3b_106.conda#1c8057e6875eba958aa8b3c1a072dc9a75d013f209c26fd8125a5ebd3abbec0c
https://conda.anaconda.org/conda-forge/linux-64/tk-8.6.13-noxft_hd70dff1_3.conda#43624eab22f5f29df7d6ffe914cf442f28fd559b55b290906255492826e636e8
https://conda.anaconda.org/conda-forge/noarch/tomli-2.4.1-pyhcf101f3_0.conda#91cafdb64268e43e0e10d30bd1bef5af392e69f00edd34dfaf909f69ab2da6bd
https://conda.anaconda.org/conda-forge/noarch/typing_extensions-4.16.0-pyhcf101f3_0.conda#2d888f90af0686044882c74193ec80a90ec1943145d94a7b1b048958acda1848
https://conda.anaconda.org/conda-forge/noarch/tzdata-2026c-h151e31d_0.conda#b928c30ddcb0e3f544c6eade8352737e6e610e263276b90232db6a578ef899d8
https://conda.anaconda.org/conda-forge/noarch/wheel-0.47.0-pyhd8ed1ab_0.conda#9e156ffaefb8463437144326ada4b85d1de17961b9997ac5f1cbbaf747bd8bed
https://conda.anaconda.org/conda-forge/noarch/zipp-4.1.0-pyhcf101f3_0.conda#210bd31c22bb88f5e2a167df24c95bb5f152b2ada7502f9b8c49d1f5366db423
https://conda.anaconda.org/conda-forge/linux-64/zstd-1.5.7-hb78ec9c_6.conda#68f0206ca6e98fea941e5717cec780ed2873ffabc0e1ed34428c061e2c6268c7
